
Microsoft Visual Studio Solution File, Format Version 12.00
# Visual Studio Version 17
VisualStudioVersion = 17.1.32228.430
MinimumVisualStudioVersion = 10.0.40219.1
Project("{FAE04EC0-301F-11D3-BF4B-00C04F79EFBC}") = "Clinica", "Clinica\Clinica.csproj", "{8E7676EA-6519-43A5-A71C-D3EBF707D6D5}"
EndProject
Global
	GlobalSection(SolutionConfigurationPlatforms) = preSolution
		Debug|Any CPU = Debug|Any CPU
		Release|Any CPU = Release|Any CPU
	EndGlobalSection
	GlobalSection(ProjectConfigurationPlatforms) = postSolution
		{8E7676EA-6519-43A5-A71C-D3EBF707D6D5}.Debug|Any CPU.ActiveCfg = Debug|Any CPU
		{8E7676EA-6519-43A5-A71C-D3EBF707D6D5}.Debug|Any CPU.Build.0 = Debug|Any CPU
		{8E7676EA-6519-43A5-A71C-D3EBF707D6D5}.Release|Any CPU.ActiveCfg = Release|Any CPU
		{8E7676EA-6519-43A5-A71C-D3EBF707D6D5}.Release|Any CPU.Build.0 = Release|Any CPU
	EndGlobalSection
	GlobalSection(SolutionProperties) = preSolution
		HideSolutionNode = FALSE
	EndGlobalSection
	GlobalSection(ExtensibilityGlobals) = postSolution
		SolutionGuid = {1E4830F0-2CF1-42C5-8695-837D154DFCA0}
	EndGlobalSection
EndGlobal
